
Microsoft Visual Studio Solution File, Format Version 12.00
# Visual Studio Version 17
VisualStudioVersion = 17.3.32901.215
MinimumVisualStudioVersion = 10.0.40219.1
Project("{888888A0-9F3D-457C-B088-3A5042F75D52}") = "Casino_project_Baccarat_game", "Casino_project_Baccarat_game.pyproj", "{02EC7E9E-2C39-4A58-AF0C-BB59D9B88C71}"
EndProject
Global
	GlobalSection(SolutionConfigurationPlatforms) = preSolution
		Debug|Any CPU = Debug|Any CPU
		Release|Any CPU = Release|Any CPU
	EndGlobalSection
	GlobalSection(ProjectConfigurationPlatforms) = postSolution
		{02EC7E9E-2C39-4A58-AF0C-BB59D9B88C71}.Debug|Any CPU.ActiveCfg = Debug|Any CPU
		{02EC7E9E-2C39-4A58-AF0C-BB59D9B88C71}.Release|Any CPU.ActiveCfg = Release|Any CPU
	EndGlobalSection
	GlobalSection(SolutionProperties) = preSolution
		HideSolutionNode = FALSE
	EndGlobalSection
	GlobalSection(ExtensibilityGlobals) = postSolution
		SolutionGuid = {4134F9FA-6F40-41D6-8EE6-67F628FCA682}
	EndGlobalSection
EndGlobal
